
Microsoft Visual Studio Solution File, Format Version 12.00
# Visual Studio 15
VisualStudioVersion = 15.0.27004.2010
MinimumVisualStudioVersion = 10.0.40219.1
Project("{FAE04EC0-301F-11D3-BF4B-00C04F79EFBC}") = "Music_Book_Search", "Music_Book_Index_Search\Music_Book_Search.csproj", "{A8D039E4-AC9E-40A9-8120-342A442C0F00}"
EndProject
Global
	GlobalSection(SolutionConfigurationPlatforms) = preSolution
		Debug|Any CPU = Debug|Any CPU
		Release|Any CPU = Release|Any CPU
	EndGlobalSection
	GlobalSection(ProjectConfigurationPlatforms) = postSolution
		{A8D039E4-AC9E-40A9-8120-342A442C0F00}.Debug|Any CPU.ActiveCfg = Debug|Any CPU
		{A8D039E4-AC9E-40A9-8120-342A442C0F00}.Debug|Any CPU.Build.0 = Debug|Any CPU
		{A8D039E4-AC9E-40A9-8120-342A442C0F00}.Release|Any CPU.ActiveCfg = Release|Any CPU
		{A8D039E4-AC9E-40A9-8120-342A442C0F00}.Release|Any CPU.Build.0 = Release|Any CPU
	EndGlobalSection
	GlobalSection(SolutionProperties) = preSolution
		HideSolutionNode = FALSE
	EndGlobalSection
	GlobalSection(ExtensibilityGlobals) = postSolution
		SolutionGuid = {8228BD5B-13CC-4E7D-A289-82EF3E290814}
	EndGlobalSection
EndGlobal
